// !$*UTF8*$!
{
	archiveVersion = 1;
	classes = {
	};
	objectVersion = 46;
	objects = {

/* Begin PBXBuildFile section */
		304BEB9C1BFC0D5D008383FA /* OpenSans-Bold.ttf in Resources */ = {isa = PBXBuildFile; fileRef = 304BEB9B1BFC0D5D008383FA /* OpenSans-Bold.ttf */; };
		30D1D6CE1BEAEAF900AE549B /* AppDelegate.swift in Sources */ = {isa = PBXBuildFile; fileRef = 30D1D6CD1BEAEAF900AE549B /* AppDelegate.swift */; };
		30D1D6D31BEAEAF900AE549B /* Main.storyboard in Resources */ = {isa = PBXBuildFile; fileRef = 30D1D6D11BEAEAF900AE549B /* Main.storyboard */; };
		30D1D6D51BEAEAF900AE549B /* Assets.xcassets in Resources */ = {isa = PBXBuildFile; fileRef = 30D1D6D41BEAEAF900AE549B /* Assets.xcassets */; };
		30D1D6D81BEAEAF900AE549B /* LaunchScreen.storyboard in Resources */ = {isa = PBXBuildFile; fileRef = 30D1D6D61BEAEAF900AE549B /* LaunchScreen.storyboard */; };
		30D1D6E31BEAEAFA00AE549B /* QualityTaxiTests.swift in Sources */ = {isa = PBXBuildFile; fileRef = 30D1D6E21BEAEAFA00AE549B /* QualityTaxiTests.swift */; };
		30D1D6EE1BEAEAFA00AE549B /* QualityTaxiUITests.swift in Sources */ = {isa = PBXBuildFile; fileRef = 30D1D6ED1BEAEAFA00AE549B /* QualityTaxiUITests.swift */; };
		30D1D6FC1BEAF01300AE549B /* MenuViewController.swift in Sources */ = {isa = PBXBuildFile; fileRef = 30D1D6FB1BEAF01300AE549B /* MenuViewController.swift */; };
		30D1D7011BEAF03400AE549B /* ENSideMenu.swift in Sources */ = {isa = PBXBuildFile; fileRef = 30D1D6FF1BEAF03400AE549B /* ENSideMenu.swift */; };
		30D1D7021BEAF03400AE549B /* ENSideMenuNavigationController.swift in Sources */ = {isa = PBXBuildFile; fileRef = 30D1D7001BEAF03400AE549B /* ENSideMenuNavigationController.swift */; };
		30D1D7041BEAF1C000AE549B /* MainViewController.swift in Sources */ = {isa = PBXBuildFile; fileRef = 30D1D7031BEAF1C000AE549B /* MainViewController.swift */; };
		30D1D7061BEAF21800AE549B /* NavigationController.swift in Sources */ = {isa = PBXBuildFile; fileRef = 30D1D7051BEAF21800AE549B /* NavigationController.swift */; };
		30D1D72F1BED703E00AE549B /* UIColorExtensions.swift in Sources */ = {isa = PBXBuildFile; fileRef = 30D1D72E1BED703E00AE549B /* UIColorExtensions.swift */; };
		30D1D7331BED74C000AE549B /* QualityTaxi.xcdatamodeld in Sources */ = {isa = PBXBuildFile; fileRef = 30D1D7311BED74C000AE549B /* QualityTaxi.xcdatamodeld */; };
		30D1D7361BEEDD2E00AE549B /* StartViewController.swift in Sources */ = {isa = PBXBuildFile; fileRef = 30D1D7351BEEDD2E00AE549B /* StartViewController.swift */; };
		30D1D7381BEFAA6500AE549B /* MapKit.framework in Frameworks */ = {isa = PBXBuildFile; fileRef = 30D1D7371BEFAA6500AE549B /* MapKit.framework */; };
		30D1D73A1BEFAA7000AE549B /* CoreLocation.framework in Frameworks */ = {isa = PBXBuildFile; fileRef = 30D1D7391BEFAA7000AE549B /* CoreLocation.framework */; };
		8B4CB4661CD1862D003AC9D6 /* MapTasks.swift in Sources */ = {isa = PBXBuildFile; fileRef = 8B4CB4651CD1862C003AC9D6 /* MapTasks.swift */; };
		8B4CB46A1CD2599C003AC9D6 /* UIViewExtension.swift in Sources */ = {isa = PBXBuildFile; fileRef = 8B4CB4691CD2599C003AC9D6 /* UIViewExtension.swift */; };
		8B4CB46C1CD2998A003AC9D6 /* DestinationViewController.swift in Sources */ = {isa = PBXBuildFile; fileRef = 8B4CB46B1CD2998A003AC9D6 /* DestinationViewController.swift */; };
		8B54B4021CDAA07700D7632E /* DriverNavController.swift in Sources */ = {isa = PBXBuildFile; fileRef = 8B54B4011CDAA07700D7632E /* DriverNavController.swift */; };
		8B54B4041CDAA0E900D7632E /* DriverMenuViewController.swift in Sources */ = {isa = PBXBuildFile; fileRef = 8B54B4031CDAA0E900D7632E /* DriverMenuViewController.swift */; };
		8B54B4061CDAA27200D7632E /* DriverMainViewController.swift in Sources */ = {isa = PBXBuildFile; fileRef = 8B54B4051CDAA27200D7632E /* DriverMainViewController.swift */; };
		8B54B4081CDAD44200D7632E /* DriverLocationViewController.swift in Sources */ = {isa = PBXBuildFile; fileRef = 8B54B4071CDAD44200D7632E /* DriverLocationViewController.swift */; };
		8B6C9DCB1CCFF6A500A28613 /* CreateAccountViewController.swift in Sources */ = {isa = PBXBuildFile; fileRef = 8B6C9DCA1CCFF6A400A28613 /* CreateAccountViewController.swift */; };
		8B90C9C51CDD1EDE00F7A91E /* PassengerMenuViewController.swift in Sources */ = {isa = PBXBuildFile; fileRef = 8B90C9C41CDD1EDE00F7A91E /* PassengerMenuViewController.swift */; };
		8B90C9CA1CDD228F00F7A91E /* MenuTableViewCell.swift in Sources */ = {isa = PBXBuildFile; fileRef = 8B90C9C81CDD228F00F7A91E /* MenuTableViewCell.swift */; };
		8B90C9CB1CDD228F00F7A91E /* MenuTableViewCell.xib in Resources */ = {isa = PBXBuildFile; fileRef = 8B90C9C91CDD228F00F7A91E /* MenuTableViewCell.xib */; };
		8B9714C81CD3D6940065BF58 /* SummaryTripViewController.swift in Sources */ = {isa = PBXBuildFile; fileRef = 8B9714C71CD3D6940065BF58 /* SummaryTripViewController.swift */; };
		8B9714CA1CD40F5B0065BF58 /* FindTaxiViewController.swift in Sources */ = {isa = PBXBuildFile; fileRef = 8B9714C91CD40F5B0065BF58 /* FindTaxiViewController.swift */; };
		8B9714CC1CD410500065BF58 /* EZLoadingActivity.swift in Sources */ = {isa = PBXBuildFile; fileRef = 8B9714CB1CD410500065BF58 /* EZLoadingActivity.swift */; };
		8B9714D21CD4754A0065BF58 /* TripTableViewCell.swift in Sources */ = {isa = PBXBuildFile; fileRef = 8B9714D01CD4754A0065BF58 /* TripTableViewCell.swift */; };
		8B9714D31CD4754A0065BF58 /* TripTableViewCell.xib in Resources */ = {isa = PBXBuildFile; fileRef = 8B9714D11CD4754A0065BF58 /* TripTableViewCell.xib */; };
		8B9714D51CD47D510065BF58 /* TripsViewController.swift in Sources */ = {isa = PBXBuildFile; fileRef = 8B9714D41CD47D510065BF58 /* TripsViewController.swift */; };
		8B9714D71CD47F340065BF58 /* DataModel.swift in Sources */ = {isa = PBXBuildFile; fileRef = 8B9714D61CD47F340065BF58 /* DataModel.swift */; };
		8B9714DA1CD48C830065BF58 /* ClientTrip.swift in Sources */ = {isa = PBXBuildFile; fileRef = 8B9714D91CD48C830065BF58 /* ClientTrip.swift */; };
		8B9745F11CD2E30B00F4A8D9 /* QualityTrip+CoreDataProperties.swift in Sources */ = {isa = PBXBuildFile; fileRef = 8B9745ED1CD2E30B00F4A8D9 /* QualityTrip+CoreDataProperties.swift */; };
		8B9745F21CD2E30B00F4A8D9 /* QualityTrip.swift in Sources */ = {isa = PBXBuildFile; fileRef = 8B9745EE1CD2E30B00F4A8D9 /* QualityTrip.swift */; };
		8B9745F31CD2E30B00F4A8D9 /* QualityUser+CoreDataProperties.swift in Sources */ = {isa = PBXBuildFile; fileRef = 8B9745EF1CD2E30B00F4A8D9 /* QualityUser+CoreDataProperties.swift */; };
		8B9745F41CD2E30B00F4A8D9 /* QualityUser.swift in Sources */ = {isa = PBXBuildFile; fileRef = 8B9745F01CD2E30B00F4A8D9 /* QualityUser.swift */; };
		8B9A632B1CD7F1A5002F00BF /* ResultsTableViewCell.swift in Sources */ = {isa = PBXBuildFile; fileRef = 8B9A63291CD7F1A5002F00BF /* ResultsTableViewCell.swift */; };
		8B9A632C1CD7F1A5002F00BF /* ResultsTableViewCell.xib in Resources */ = {isa = PBXBuildFile; fileRef = 8B9A632A1CD7F1A5002F00BF /* ResultsTableViewCell.xib */; };
		8BB6D9BD1CCEECF400454859 /* LoginViewController.swift in Sources */ = {isa = PBXBuildFile; fileRef = 8BB6D9BC1CCEECF400454859 /* LoginViewController.swift */; };
		8BCBBC591CDC24C700DE1126 /* SWRevealViewController.m in Sources */ = {isa = PBXBuildFile; fileRef = 8BCBBC581CDC24C700DE1126 /* SWRevealViewController.m */; };
		8BD182A21CD5070B005CD15F /* RequestSelectedViewController.swift in Sources */ = {isa = PBXBuildFile; fileRef = 8BD182A11CD5070B005CD15F /* RequestSelectedViewController.swift */; };
		C004D1FAD4D94027447FB81C /* Pods_QualityTaxi.framework in Frameworks */ = {isa = PBXBuildFile; fileRef = 46302169DF8F9E466615F80B /* Pods_QualityTaxi.framework */; };
/* End PBXBuildFile section */

/* Begin PBXContainerItemProxy section */
		30D1D6DF1BEAEAFA00AE549B /* PBXContainerItemProxy */ = {
			isa = PBXContainerItemProxy;
			containerPortal = 30D1D6C21BEAEAF900AE549B /* Project object */;
			proxyType = 1;
			remoteGlobalIDString = 30D1D6C91BEAEAF900AE549B;
			remoteInfo = QualityTaxi;
		};
		30D1D6EA1BEAEAFA00AE549B /* PBXContainerItemProxy */ = {
			isa = PBXContainerItemProxy;
			containerPortal = 30D1D6C21BEAEAF900AE549B /* Project object */;
			proxyType = 1;
			remoteGlobalIDString = 30D1D6C91BEAEAF900AE549B;
			remoteInfo = QualityTaxi;
		};
/* End PBXContainerItemProxy section */

/* Begin PBXFileReference section */
		304BEB9B1BFC0D5D008383FA /* OpenSans-Bold.ttf */ = {isa = PBXFileReference; lastKnownFileType = file; path = "OpenSans-Bold.ttf"; sourceTree = "<group>"; };
		30D1D6CA1BEAEAF900AE549B /* QualityTaxi.app */ = {isa = PBXFileReference; explicitFileType = wrapper.application; includeInIndex = 0; path = QualityTaxi.app; sourceTree = BUILT_PRODUCTS_DIR; };
		30D1D6CD1BEAEAF900AE549B /* AppDelegate.swift */ = {isa = PBXFileReference; lastKnownFileType = sourcecode.swift; path = AppDelegate.swift; sourceTree = "<group>"; };
		30D1D6D21BEAEAF900AE549B /* Base */ = {isa = PBXFileReference; lastKnownFileType = file.storyboard; name = Base; path = Base.lproj/Main.storyboard; sourceTree = "<group>"; };
		30D1D6D41BEAEAF900AE549B /* Assets.xcassets */ = {isa = PBXFileReference; lastKnownFileType = folder.assetcatalog; path = Assets.xcassets; sourceTree = "<group>"; };
		30D1D6D71BEAEAF900AE549B /* Base */ = {isa = PBXFileReference; lastKnownFileType = file.storyboard; name = Base; path = Base.lproj/LaunchScreen.storyboard; sourceTree = "<group>"; };
		30D1D6D91BEAEAF900AE549B /* Info.plist */ = {isa = PBXFileReference; lastKnownFileType = text.plist.xml; path = Info.plist; sourceTree = "<group>"; };
		30D1D6DE1BEAEAFA00AE549B /* QualityTaxiTests.xctest */ = {isa = PBXFileReference; explicitFileType = wrapper.cfbundle; includeInIndex = 0; path = QualityTaxiTests.xctest; sourceTree = BUILT_PRODUCTS_DIR; };
		30D1D6E21BEAEAFA00AE549B /* QualityTaxiTests.swift */ = {isa = PBXFileReference; lastKnownFileType = sourcecode.swift; path = QualityTaxiTests.swift; sourceTree = "<group>"; };
		30D1D6E41BEAEAFA00AE549B /* Info.plist */ = {isa = PBXFileReference; lastKnownFileType = text.plist.xml; path = Info.plist; sourceTree = "<group>"; };
		30D1D6E91BEAEAFA00AE549B /* QualityTaxiUITests.xctest */ = {isa = PBXFileReference; explicitFileType = wrapper.cfbundle; includeInIndex = 0; path = QualityTaxiUITests.xctest; sourceTree = BUILT_PRODUCTS_DIR; };
		30D1D6ED1BEAEAFA00AE549B /* QualityTaxiUITests.swift */ = {isa = PBXFileReference; lastKnownFileType = sourcecode.swift; path = QualityTaxiUITests.swift; sourceTree = "<group>"; };
		30D1D6EF1BEAEAFA00AE549B /* Info.plist */ = {isa = PBXFileReference; lastKnownFileType = text.plist.xml; path = Info.plist; sourceTree = "<group>"; };
		30D1D6FB1BEAF01300AE549B /* MenuViewController.swift */ = {isa = PBXFileReference; fileEncoding = 4; lastKnownFileType = sourcecode.swift; path = MenuViewController.swift; sourceTree = "<group>"; };
		30D1D6FF1BEAF03400AE549B /* ENSideMenu.swift */ = {isa = PBXFileReference; fileEncoding = 4; lastKnownFileType = sourcecode.swift; name = ENSideMenu.swift; path = ENSwiftSideMenu/ENSideMenu.swift; sourceTree = "<group>"; };
		30D1D7001BEAF03400AE549B /* ENSideMenuNavigationController.swift */ = {isa = PBXFileReference; fileEncoding = 4; lastKnownFileType = sourcecode.swift; name = ENSideMenuNavigationController.swift; path = ENSwiftSideMenu/ENSideMenuNavigationController.swift; sourceTree = "<group>"; };
		30D1D7031BEAF1C000AE549B /* MainViewController.swift */ = {isa = PBXFileReference; fileEncoding = 4; lastKnownFileType = sourcecode.swift; path = MainViewController.swift; sourceTree = "<group>"; };
		30D1D7051BEAF21800AE549B /* NavigationController.swift */ = {isa = PBXFileReference; fileEncoding = 4; lastKnownFileType = sourcecode.swift; path = NavigationController.swift; sourceTree = "<group>"; };
		30D1D72E1BED703E00AE549B /* UIColorExtensions.swift */ = {isa = PBXFileReference; fileEncoding = 4; lastKnownFileType = sourcecode.swift; path = UIColorExtensions.swift; sourceTree = "<group>"; };
		30D1D7301BED734400AE549B /* QualityTaxi-Bridging-Header.h */ = {isa = PBXFileReference; lastKnownFileType = sourcecode.c.h; path = "QualityTaxi-Bridging-Header.h"; sourceTree = "<group>"; };
		30D1D7321BED74C000AE549B /* QualityTaxi.xcdatamodel */ = {isa = PBXFileReference; lastKnownFileType = wrapper.xcdatamodel; path = QualityTaxi.xcdatamodel; sourceTree = "<group>"; };
		30D1D7351BEEDD2E00AE549B /* StartViewController.swift */ = {isa = PBXFileReference; fileEncoding = 4; lastKnownFileType = sourcecode.swift; path = StartViewController.swift; sourceTree = "<group>"; };
		30D1D7371BEFAA6500AE549B /* MapKit.framework */ = {isa = PBXFileReference; lastKnownFileType = wrapper.framework; name = MapKit.framework; path = System/Library/Frameworks/MapKit.framework; sourceTree = SDKROOT; };
		30D1D7391BEFAA7000AE549B /* CoreLocation.framework */ = {isa = PBXFileReference; lastKnownFileType = wrapper.framework; name = CoreLocation.framework; path = System/Library/Frameworks/CoreLocation.framework; sourceTree = SDKROOT; };
		3769D420F5BF79A37BC1BF3E /* Pods-QualityTaxi.release.xcconfig */ = {isa = PBXFileReference; includeInIndex = 1; lastKnownFileType = text.xcconfig; name = "Pods-QualityTaxi.release.xcconfig"; path = "Pods/Target Support Files/Pods-QualityTaxi/Pods-QualityTaxi.release.xcconfig"; sourceTree = "<group>"; };
		46302169DF8F9E466615F80B /* Pods_QualityTaxi.framework */ = {isa = PBXFileReference; explicitFileType = wrapper.framework; includeInIndex = 0; path = Pods_QualityTaxi.framework; sourceTree = BUILT_PRODUCTS_DIR; };
		8B4CB4651CD1862C003AC9D6 /* MapTasks.swift */ = {isa = PBXFileReference; fileEncoding = 4; lastKnownFileType = sourcecode.swift; path = MapTasks.swift; sourceTree = "<group>"; };
		8B4CB4691CD2599C003AC9D6 /* UIViewExtension.swift */ = {isa = PBXFileReference; fileEncoding = 4; lastKnownFileType = sourcecode.swift; path = UIViewExtension.swift; sourceTree = "<group>"; };
		8B4CB46B1CD2998A003AC9D6 /* DestinationViewController.swift */ = {isa = PBXFileReference; fileEncoding = 4; lastKnownFileType = sourcecode.swift; path = DestinationViewController.swift; sourceTree = "<group>"; };
		8B54B4011CDAA07700D7632E /* DriverNavController.swift */ = {isa = PBXFileReference; fileEncoding = 4; lastKnownFileType = sourcecode.swift; path = DriverNavController.swift; sourceTree = "<group>"; };
		8B54B4031CDAA0E900D7632E /* DriverMenuViewController.swift */ = {isa = PBXFileReference; fileEncoding = 4; lastKnownFileType = sourcecode.swift; path = DriverMenuViewController.swift; sourceTree = "<group>"; };
		8B54B4051CDAA27200D7632E /* DriverMainViewController.swift */ = {isa = PBXFileReference; fileEncoding = 4; lastKnownFileType = sourcecode.swift; path = DriverMainViewController.swift; sourceTree = "<group>"; };
		8B54B4071CDAD44200D7632E /* DriverLocationViewController.swift */ = {isa = PBXFileReference; fileEncoding = 4; lastKnownFileType = sourcecode.swift; path = DriverLocationViewController.swift; sourceTree = "<group>"; };
		8B6C9DCA1CCFF6A400A28613 /* CreateAccountViewController.swift */ = {isa = PBXFileReference; fileEncoding = 4; lastKnownFileType = sourcecode.swift; path = CreateAccountViewController.swift; sourceTree = "<group>"; };
		8B90C9C41CDD1EDE00F7A91E /* PassengerMenuViewController.swift */ = {isa = PBXFileReference; fileEncoding = 4; lastKnownFileType = sourcecode.swift; path = PassengerMenuViewController.swift; sourceTree = "<group>"; };
		8B90C9C81CDD228F00F7A91E /* MenuTableViewCell.swift */ = {isa = PBXFileReference; fileEncoding = 4; lastKnownFileType = sourcecode.swift; path = MenuTableViewCell.swift; sourceTree = "<group>"; };
		8B90C9C91CDD228F00F7A91E /* MenuTableViewCell.xib */ = {isa = PBXFileReference; fileEncoding = 4; lastKnownFileType = file.xib; path = MenuTableViewCell.xib; sourceTree = "<group>"; };
		8B9714C71CD3D6940065BF58 /* SummaryTripViewController.swift */ = {isa = PBXFileReference; fileEncoding = 4; lastKnownFileType = sourcecode.swift; path = SummaryTripViewController.swift; sourceTree = "<group>"; };
		8B9714C91CD40F5B0065BF58 /* FindTaxiViewController.swift */ = {isa = PBXFileReference; fileEncoding = 4; lastKnownFileType = sourcecode.swift; path = FindTaxiViewController.swift; sourceTree = "<group>"; };
		8B9714CB1CD410500065BF58 /* EZLoadingActivity.swift */ = {isa = PBXFileReference; fileEncoding = 4; lastKnownFileType = sourcecode.swift; path = EZLoadingActivity.swift; sourceTree = "<group>"; };
		8B9714D01CD4754A0065BF58 /* TripTableViewCell.swift */ = {isa = PBXFileReference; fileEncoding = 4; lastKnownFileType = sourcecode.swift; path = TripTableViewCell.swift; sourceTree = "<group>"; };
		8B9714D11CD4754A0065BF58 /* TripTableViewCell.xib */ = {isa = PBXFileReference; fileEncoding = 4; lastKnownFileType = file.xib; path = TripTableViewCell.xib; sourceTree = "<group>"; };
		8B9714D41CD47D510065BF58 /* TripsViewController.swift */ = {isa = PBXFileReference; fileEncoding = 4; lastKnownFileType = sourcecode.swift; path = TripsViewController.swift; sourceTree = "<group>"; };
		8B9714D61CD47F340065BF58 /* DataModel.swift */ = {isa = PBXFileReference; fileEncoding = 4; lastKnownFileType = sourcecode.swift; path = DataModel.swift; sourceTree = "<group>"; };
		8B9714D91CD48C830065BF58 /* ClientTrip.swift */ = {isa = PBXFileReference; fileEncoding = 4; lastKnownFileType = sourcecode.swift; path = ClientTrip.swift; sourceTree = "<group>"; };
		8B9745ED1CD2E30B00F4A8D9 /* QualityTrip+CoreDataProperties.swift */ = {isa = PBXFileReference; fileEncoding = 4; lastKnownFileType = sourcecode.swift; path = "QualityTrip+CoreDataProperties.swift"; sourceTree = "<group>"; };
		8B9745EE1CD2E30B00F4A8D9 /* QualityTrip.swift */ = {isa = PBXFileReference; fileEncoding = 4; lastKnownFileType = sourcecode.swift; path = QualityTrip.swift; sourceTree = "<group>"; };
		8B9745EF1CD2E30B00F4A8D9 /* QualityUser+CoreDataProperties.swift */ = {isa = PBXFileReference; fileEncoding = 4; lastKnownFileType = sourcecode.swift; path = "QualityUser+CoreDataProperties.swift"; sourceTree = "<group>"; };
		8B9745F01CD2E30B00F4A8D9 /* QualityUser.swift */ = {isa = PBXFileReference; fileEncoding = 4; lastKnownFileType = sourcecode.swift; path = QualityUser.swift; sourceTree = "<group>"; };
		8B9A63291CD7F1A5002F00BF /* ResultsTableViewCell.swift */ = {isa = PBXFileReference; fileEncoding = 4; lastKnownFileType = sourcecode.swift; path = ResultsTableViewCell.swift; sourceTree = "<group>"; };
		8B9A632A1CD7F1A5002F00BF /* ResultsTableViewCell.xib */ = {isa = PBXFileReference; fileEncoding = 4; lastKnownFileType = file.xib; path = ResultsTableViewCell.xib; sourceTree = "<group>"; };
		8BB6D9BC1CCEECF400454859 /* LoginViewController.swift */ = {isa = PBXFileReference; fileEncoding = 4; lastKnownFileType = sourcecode.swift; path = LoginViewController.swift; sourceTree = "<group>"; };
		8BCBBC571CDC24C700DE1126 /* SWRevealViewController.h */ = {isa = PBXFileReference; fileEncoding = 4; lastKnownFileType = sourcecode.c.h; path = SWRevealViewController.h; sourceTree = "<group>"; };
		8BCBBC581CDC24C700DE1126 /* SWRevealViewController.m */ = {isa = PBXFileReference; fileEncoding = 4; lastKnownFileType = sourcecode.c.objc; path = SWRevealViewController.m; sourceTree = "<group>"; };
		8BD182A11CD5070B005CD15F /* RequestSelectedViewController.swift */ = {isa = PBXFileReference; fileEncoding = 4; lastKnownFileType = sourcecode.swift; path = RequestSelectedViewController.swift; sourceTree = "<group>"; };
		C4DCD9D00A4C622055608729 /* Pods-QualityTaxi.debug.xcconfig */ = {isa = PBXFileReference; includeInIndex = 1; lastKnownFileType = text.xcconfig; name = "Pods-QualityTaxi.debug.xcconfig"; path = "Pods/Target Support Files/Pods-QualityTaxi/Pods-QualityTaxi.debug.xcconfig"; sourceTree = "<group>"; };
/* End PBXFileReference section */

/* Begin PBXFrameworksBuildPhase section */
		30D1D6C71BEAEAF900AE549B /* Frameworks */ = {
			isa = PBXFrameworksBuildPhase;
			buildActionMask = 2147483647;
			files = (
				30D1D73A1BEFAA7000AE549B /* CoreLocation.framework in Frameworks */,
				30D1D7381BEFAA6500AE549B /* MapKit.framework in Frameworks */,
				C004D1FAD4D94027447FB81C /* Pods_QualityTaxi.framework in Frameworks */,
			);
			runOnlyForDeploymentPostprocessing = 0;
		};
		30D1D6DB1BEAEAFA00AE549B /* Frameworks */ = {
			isa = PBXFrameworksBuildPhase;
			buildActionMask = 2147483647;
			files = (
			);
			runOnlyForDeploymentPostprocessing = 0;
		};
		30D1D6E61BEAEAFA00AE549B /* Frameworks */ = {
			isa = PBXFrameworksBuildPhase;
			buildActionMask = 2147483647;
			files = (
			);
			runOnlyForDeploymentPostprocessing = 0;
		};
/* End PBXFrameworksBuildPhase section */

/* Begin PBXGroup section */
		304BEB9A1BFC0C47008383FA /* Fonts */ = {
			isa = PBXGroup;
			children = (
				304BEB9B1BFC0D5D008383FA /* OpenSans-Bold.ttf */,
			);
			name = Fonts;
			sourceTree = "<group>";
		};
		30D1D6C11BEAEAF900AE549B = {
			isa = PBXGroup;
			children = (
				30D1D6CC1BEAEAF900AE549B /* QualityTaxi */,
				30D1D6E11BEAEAFA00AE549B /* QualityTaxiTests */,
				30D1D6EC1BEAEAFA00AE549B /* QualityTaxiUITests */,
				30D1D6CB1BEAEAF900AE549B /* Products */,
				A1A4F5B230392FFB35E01A99 /* Pods */,
				FB84DB1C18AD49D272BA5FA4 /* Frameworks */,
			);
			sourceTree = "<group>";
		};
		30D1D6CB1BEAEAF900AE549B /* Products */ = {
			isa = PBXGroup;
			children = (
				30D1D6CA1BEAEAF900AE549B /* QualityTaxi.app */,
				30D1D6DE1BEAEAFA00AE549B /* QualityTaxiTests.xctest */,
				30D1D6E91BEAEAFA00AE549B /* QualityTaxiUITests.xctest */,
			);
			name = Products;
			sourceTree = "<group>";
		};
		30D1D6CC1BEAEAF900AE549B /* QualityTaxi */ = {
			isa = PBXGroup;
			children = (
				8BB6D9BA1CCEECD000454859 /* AppDelegate */,
				304BEB9A1BFC0C47008383FA /* Fonts */,
				30D1D7341BED74C800AE549B /* Model */,
				30D1D6FD1BEAF01B00AE549B /* Libraries */,
				8BB6D9B91CCEECC300454859 /* Controllers */,
				8BB6D9B81CCEEBAD00454859 /* Views */,
				30D1D6D41BEAEAF900AE549B /* Assets.xcassets */,
				30D1D6D91BEAEAF900AE549B /* Info.plist */,
				30D1D7301BED734400AE549B /* QualityTaxi-Bridging-Header.h */,
			);
			path = QualityTaxi;
			sourceTree = "<group>";
		};
		30D1D6E11BEAEAFA00AE549B /* QualityTaxiTests */ = {
			isa = PBXGroup;
			children = (
				30D1D6E21BEAEAFA00AE549B /* QualityTaxiTests.swift */,
				30D1D6E41BEAEAFA00AE549B /* Info.plist */,
			);
			path = QualityTaxiTests;
			sourceTree = "<group>";
		};
		30D1D6EC1BEAEAFA00AE549B /* QualityTaxiUITests */ = {
			isa = PBXGroup;
			children = (
				30D1D6ED1BEAEAFA00AE549B /* QualityTaxiUITests.swift */,
				30D1D6EF1BEAEAFA00AE549B /* Info.plist */,
			);
			path = QualityTaxiUITests;
			sourceTree = "<group>";
		};
		30D1D6FD1BEAF01B00AE549B /* Libraries */ = {
			isa = PBXGroup;
			children = (
				8BCBBC561CDC24AF00DE1126 /* SWRevealViewController */,
				8B9714CB1CD410500065BF58 /* EZLoadingActivity.swift */,
				30D1D72E1BED703E00AE549B /* UIColorExtensions.swift */,
				30D1D6FE1BEAF02900AE549B /* ENSwiftSideMenu */,
			);
			name = Libraries;
			sourceTree = "<group>";
		};
		30D1D6FE1BEAF02900AE549B /* ENSwiftSideMenu */ = {
			isa = PBXGroup;
			children = (
				30D1D6FF1BEAF03400AE549B /* ENSideMenu.swift */,
				30D1D7001BEAF03400AE549B /* ENSideMenuNavigationController.swift */,
			);
			name = ENSwiftSideMenu;
			sourceTree = "<group>";
		};
		30D1D7341BED74C800AE549B /* Model */ = {
			isa = PBXGroup;
			children = (
				8B9745ED1CD2E30B00F4A8D9 /* QualityTrip+CoreDataProperties.swift */,
				8B9745EE1CD2E30B00F4A8D9 /* QualityTrip.swift */,
				8B9745EF1CD2E30B00F4A8D9 /* QualityUser+CoreDataProperties.swift */,
				8B9745F01CD2E30B00F4A8D9 /* QualityUser.swift */,
				30D1D7311BED74C000AE549B /* QualityTaxi.xcdatamodeld */,
				8B9714D61CD47F340065BF58 /* DataModel.swift */,
				8B9714D91CD48C830065BF58 /* ClientTrip.swift */,
			);
			name = Model;
			sourceTree = "<group>";
		};
		8B9714CD1CD4745D0065BF58 /* Cells */ = {
			isa = PBXGroup;
			children = (
				8B9714D01CD4754A0065BF58 /* TripTableViewCell.swift */,
				8B9714D11CD4754A0065BF58 /* TripTableViewCell.xib */,
				8B9A63291CD7F1A5002F00BF /* ResultsTableViewCell.swift */,
				8B9A632A1CD7F1A5002F00BF /* ResultsTableViewCell.xib */,
				8B90C9C81CDD228F00F7A91E /* MenuTableViewCell.swift */,
				8B90C9C91CDD228F00F7A91E /* MenuTableViewCell.xib */,
			);
			name = Cells;
			sourceTree = "<group>";
		};
		8BB6D9B81CCEEBAD00454859 /* Views */ = {
			isa = PBXGroup;
			children = (
				8B9714CD1CD4745D0065BF58 /* Cells */,
				8B4CB4691CD2599C003AC9D6 /* UIViewExtension.swift */,
				30D1D6D11BEAEAF900AE549B /* Main.storyboard */,
				30D1D6D61BEAEAF900AE549B /* LaunchScreen.storyboard */,
			);
			name = Views;
			sourceTree = "<group>";
		};
		8BB6D9B91CCEECC300454859 /* Controllers */ = {
			isa = PBXGroup;
			children = (
				30D1D6FB1BEAF01300AE549B /* MenuViewController.swift */,
				30D1D7051BEAF21800AE549B /* NavigationController.swift */,
				30D1D7031BEAF1C000AE549B /* MainViewController.swift */,
				30D1D7351BEEDD2E00AE549B /* StartViewController.swift */,
				8BB6D9BC1CCEECF400454859 /* LoginViewController.swift */,
				8B6C9DCA1CCFF6A400A28613 /* CreateAccountViewController.swift */,
				8B4CB4651CD1862C003AC9D6 /* MapTasks.swift */,
				8B4CB46B1CD2998A003AC9D6 /* DestinationViewController.swift */,
				8B9714C71CD3D6940065BF58 /* SummaryTripViewController.swift */,
				8B9714C91CD40F5B0065BF58 /* FindTaxiViewController.swift */,
				8B9714D41CD47D510065BF58 /* TripsViewController.swift */,
				8BD182A11CD5070B005CD15F /* RequestSelectedViewController.swift */,
				8B54B4011CDAA07700D7632E /* DriverNavController.swift */,
				8B54B4031CDAA0E900D7632E /* DriverMenuViewController.swift */,
				8B54B4051CDAA27200D7632E /* DriverMainViewController.swift */,
				8B54B4071CDAD44200D7632E /* DriverLocationViewController.swift */,
				8B90C9C41CDD1EDE00F7A91E /* PassengerMenuViewController.swift */,
			);
			name = Controllers;
			sourceTree = "<group>";
		};
		8BB6D9BA1CCEECD000454859 /* AppDelegate */ = {
			isa = PBXGroup;
			children = (
				30D1D6CD1BEAEAF900AE549B /* AppDelegate.swift */,
			);
			name = AppDelegate;
			sourceTree = "<group>";
		};
		8BCBBC561CDC24AF00DE1126 /* SWRevealViewController */ = {
			isa = PBXGroup;
			children = (
				8BCBBC571CDC24C700DE1126 /* SWRevealViewController.h */,
				8BCBBC581CDC24C700DE1126 /* SWRevealViewController.m */,
			);
			name = SWRevealViewController;
			sourceTree = "<group>";
		};
		A1A4F5B230392FFB35E01A99 /* Pods */ = {
			isa = PBXGroup;
			children = (
				C4DCD9D00A4C622055608729 /* Pods-QualityTaxi.debug.xcconfig */,
				3769D420F5BF79A37BC1BF3E /* Pods-QualityTaxi.release.xcconfig */,
			);
			name = Pods;
			sourceTree = "<group>";
		};
		FB84DB1C18AD49D272BA5FA4 /* Frameworks */ = {
			isa = PBXGroup;
			children = (
				30D1D7391BEFAA7000AE549B /* CoreLocation.framework */,
				30D1D7371BEFAA6500AE549B /* MapKit.framework */,
				46302169DF8F9E466615F80B /* Pods_QualityTaxi.framework */,
			);
			name = Frameworks;
			sourceTree = "<group>";
		};
/* End PBXGroup section */

/* Begin PBXNativeTarget section */
		30D1D6C91BEAEAF900AE549B /* QualityTaxi */ = {
			isa = PBXNativeTarget;
			buildConfigurationList = 30D1D6F21BEAEAFA00AE549B /* Build configuration list for PBXNativeTarget "QualityTaxi" */;
			buildPhases = (
				0D42FF00ABF1ECE9EF0A6987 /* Check Pods Manifest.lock */,
				30D1D6C61BEAEAF900AE549B /* Sources */,
				30D1D6C71BEAEAF900AE549B /* Frameworks */,
				30D1D6C81BEAEAF900AE549B /* Resources */,
				E1B8DED5442B56D32A1EAF03 /* Embed Pods Frameworks */,
				4FEEAC93641BD7B17DA43001 /* Copy Pods Resources */,
			);
			buildRules = (
			);
			dependencies = (
			);
			name = QualityTaxi;
			productName = QualityTaxi;
			productReference = 30D1D6CA1BEAEAF900AE549B /* QualityTaxi.app */;
			productType = "com.apple.product-type.application";
		};
		30D1D6DD1BEAEAFA00AE549B /* QualityTaxiTests */ = {
			isa = PBXNativeTarget;
			buildConfigurationList = 30D1D6F51BEAEAFA00AE549B /* Build configuration list for PBXNativeTarget "QualityTaxiTests" */;
			buildPhases = (
				30D1D6DA1BEAEAFA00AE549B /* Sources */,
				30D1D6DB1BEAEAFA00AE549B /* Frameworks */,
				30D1D6DC1BEAEAFA00AE549B /* Resources */,
			);
			buildRules = (
			);
			dependencies = (
				30D1D6E01BEAEAFA00AE549B /* PBXTargetDependency */,
			);
			name = QualityTaxiTests;
			productName = QualityTaxiTests;
			productReference = 30D1D6DE1BEAEAFA00AE549B /* QualityTaxiTests.xctest */;
			productType = "com.apple.product-type.bundle.unit-test";
		};
		30D1D6E81BEAEAFA00AE549B /* QualityTaxiUITests */ = {
			isa = PBXNativeTarget;
			buildConfigurationList = 30D1D6F81BEAEAFA00AE549B /* Build configuration list for PBXNativeTarget "QualityTaxiUITests" */;
			buildPhases = (
				30D1D6E51BEAEAFA00AE549B /* Sources */,
				30D1D6E61BEAEAFA00AE549B /* Frameworks */,
				30D1D6E71BEAEAFA00AE549B /* Resources */,
			);
			buildRules = (
			);
			dependencies = (
				30D1D6EB1BEAEAFA00AE549B /* PBXTargetDependency */,
			);
			name = QualityTaxiUITests;
			productName = QualityTaxiUITests;
			productReference = 30D1D6E91BEAEAFA00AE549B /* QualityTaxiUITests.xctest */;
			productType = "com.apple.product-type.bundle.ui-testing";
		};
/* End PBXNativeTarget section */

/* Begin PBXProject section */
		30D1D6C21BEAEAF900AE549B /* Project object */ = {
			isa = PBXProject;
			attributes = {
				LastUpgradeCheck = 0700;
				ORGANIZATIONNAME = "Felix Olivares";
				TargetAttributes = {
					30D1D6C91BEAEAF900AE549B = {
						CreatedOnToolsVersion = 7.0.1;
						DevelopmentTeam = NNWZVWTFJB;
					};
					30D1D6DD1BEAEAFA00AE549B = {
						CreatedOnToolsVersion = 7.0.1;
						TestTargetID = 30D1D6C91BEAEAF900AE549B;
					};
					30D1D6E81BEAEAFA00AE549B = {
						CreatedOnToolsVersion = 7.0.1;
						TestTargetID = 30D1D6C91BEAEAF900AE549B;
					};
				};
			};
			buildConfigurationList = 30D1D6C51BEAEAF900AE549B /* Build configuration list for PBXProject "QualityTaxi" */;
			compatibilityVersion = "Xcode 3.2";
			developmentRegion = English;
			hasScannedForEncodings = 0;
			knownRegions = (
				en,
				Base,
			);
			mainGroup = 30D1D6C11BEAEAF900AE549B;
			productRefGroup = 30D1D6CB1BEAEAF900AE549B /* Products */;
			projectDirPath = "";
			projectRoot = "";
			targets = (
				30D1D6C91BEAEAF900AE549B /* QualityTaxi */,
				30D1D6DD1BEAEAFA00AE549B /* QualityTaxiTests */,
				30D1D6E81BEAEAFA00AE549B /* QualityTaxiUITests */,
			);
		};
/* End PBXProject section */

/* Begin PBXResourcesBuildPhase section */
		30D1D6C81BEAEAF900AE549B /* Resources */ = {
			isa = PBXResourcesBuildPhase;
			buildActionMask = 2147483647;
			files = (
				30D1D6D81BEAEAF900AE549B /* LaunchScreen.storyboard in Resources */,
				8B90C9CB1CDD228F00F7A91E /* MenuTableViewCell.xib in Resources */,
				30D1D6D51BEAEAF900AE549B /* Assets.xcassets in Resources */,
				8B9A632C1CD7F1A5002F00BF /* ResultsTableViewCell.xib in Resources */,
				304BEB9C1BFC0D5D008383FA /* OpenSans-Bold.ttf in Resources */,
				8B9714D31CD4754A0065BF58 /* TripTableViewCell.xib in Resources */,
				30D1D6D31BEAEAF900AE549B /* Main.storyboard in Resources */,
			);
			runOnlyForDeploymentPostprocessing = 0;
		};
		30D1D6DC1BEAEAFA00AE549B /* Resources */ = {
			isa = PBXResourcesBuildPhase;
			buildActionMask = 2147483647;
			files = (
			);
			runOnlyForDeploymentPostprocessing = 0;
		};
		30D1D6E71BEAEAFA00AE549B /* Resources */ = {
			isa = PBXResourcesBuildPhase;
			buildActionMask = 2147483647;
			files = (
			);
			runOnlyForDeploymentPostprocessing = 0;
		};
/* End PBXResourcesBuildPhase section */

/* Begin PBXShellScriptBuildPhase section */
		0D42FF00ABF1ECE9EF0A6987 /* Check Pods Manifest.lock */ = {
			isa = PBXShellScriptBuildPhase;
			buildActionMask = 2147483647;
			files = (
			);
			inputPaths = (
			);
			name = "Check Pods Manifest.lock";
			outputPaths = (
			);
			runOnlyForDeploymentPostprocessing = 0;
			shellPath = /bin/sh;
			shellScript = "diff \"${PODS_ROOT}/../Podfile.lock\" \"${PODS_ROOT}/Manifest.lock\" > /dev/null\nif [[ $? != 0 ]] ; then\n    cat << EOM\nerror: The sandbox is not in sync with the Podfile.lock. Run 'pod install' or update your CocoaPods installation.\nEOM\n    exit 1\nfi\n";
			showEnvVarsInLog = 0;
		};
		4FEEAC93641BD7B17DA43001 /* Copy Pods Resources */ = {
			isa = PBXShellScriptBuildPhase;
			buildActionMask = 2147483647;
			files = (
			);
			inputPaths = (
			);
			name = "Copy Pods Resources";
			outputPaths = (
			);
			runOnlyForDeploymentPostprocessing = 0;
			shellPath = /bin/sh;
			shellScript = "\"${SRCROOT}/Pods/Target Support Files/Pods-QualityTaxi/Pods-QualityTaxi-resources.sh\"\n";
			showEnvVarsInLog = 0;
		};
		E1B8DED5442B56D32A1EAF03 /* Embed Pods Frameworks */ = {
			isa = PBXShellScriptBuildPhase;
			buildActionMask = 2147483647;
			files = (
			);
			inputPaths = (
			);
			name = "Embed Pods Frameworks";
			outputPaths = (
			);
			runOnlyForDeploymentPostprocessing = 0;
			shellPath = /bin/sh;
			shellScript = "\"${SRCROOT}/Pods/Target Support Files/Pods-QualityTaxi/Pods-QualityTaxi-frameworks.sh\"\n";
			showEnvVarsInLog = 0;
		};
/* End PBXShellScriptBuildPhase section */

/* Begin PBXSourcesBuildPhase section */
		30D1D6C61BEAEAF900AE549B /* Sources */ = {
			isa = PBXSourcesBuildPhase;
			buildActionMask = 2147483647;
			files = (
				8B9714D21CD4754A0065BF58 /* TripTableViewCell.swift in Sources */,
				8B54B4021CDAA07700D7632E /* DriverNavController.swift in Sources */,
				8B9714D51CD47D510065BF58 /* TripsViewController.swift in Sources */,
				30D1D7011BEAF03400AE549B /* ENSideMenu.swift in Sources */,
				8B90C9C51CDD1EDE00F7A91E /* PassengerMenuViewController.swift in Sources */,
				30D1D72F1BED703E00AE549B /* UIColorExtensions.swift in Sources */,
				30D1D7061BEAF21800AE549B /* NavigationController.swift in Sources */,
				8B9714DA1CD48C830065BF58 /* ClientTrip.swift in Sources */,
				8B9714D71CD47F340065BF58 /* DataModel.swift in Sources */,
				8B6C9DCB1CCFF6A500A28613 /* CreateAccountViewController.swift in Sources */,
				8B9745F21CD2E30B00F4A8D9 /* QualityTrip.swift in Sources */,
				30D1D6FC1BEAF01300AE549B /* MenuViewController.swift in Sources */,
				8B54B4041CDAA0E900D7632E /* DriverMenuViewController.swift in Sources */,
				30D1D7021BEAF03400AE549B /* ENSideMenuNavigationController.swift in Sources */,
				8B9A632B1CD7F1A5002F00BF /* ResultsTableViewCell.swift in Sources */,
				8B9714C81CD3D6940065BF58 /* SummaryTripViewController.swift in Sources */,
				30D1D7361BEEDD2E00AE549B /* StartViewController.swift in Sources */,
				8BD182A21CD5070B005CD15F /* RequestSelectedViewController.swift in Sources */,
				8B9714CA1CD40F5B0065BF58 /* FindTaxiViewController.swift in Sources */,
				8B4CB46C1CD2998A003AC9D6 /* DestinationViewController.swift in Sources */,
				30D1D6CE1BEAEAF900AE549B /* AppDelegate.swift in Sources */,
				30D1D7041BEAF1C000AE549B /* MainViewController.swift in Sources */,
				8B90C9CA1CDD228F00F7A91E /* MenuTableViewCell.swift in Sources */,
				8B4CB46A1CD2599C003AC9D6 /* UIViewExtension.swift in Sources */,
				8B9745F41CD2E30B00F4A8D9 /* QualityUser.swift in Sources */,
				8B54B4081CDAD44200D7632E /* DriverLocationViewController.swift in Sources */,
				8B9714CC1CD410500065BF58 /* EZLoadingActivity.swift in Sources */,
				8B9745F31CD2E30B00F4A8D9 /* QualityUser+CoreDataProperties.swift in Sources */,
				8B4CB4661CD1862D003AC9D6 /* MapTasks.swift in Sources */,
				8BCBBC591CDC24C700DE1126 /* SWRevealViewController.m in Sources */,
				8BB6D9BD1CCEECF400454859 /* LoginViewController.swift in Sources */,
				8B54B4061CDAA27200D7632E /* DriverMainViewController.swift in Sources */,
				30D1D7331BED74C000AE549B /* QualityTaxi.xcdatamodeld in Sources */,
				8B9745F11CD2E30B00F4A8D9 /* QualityTrip+CoreDataProperties.swift in Sources */,
			);
			runOnlyForDeploymentPostprocessing = 0;
		};
		30D1D6DA1BEAEAFA00AE549B /* Sources */ = {
			isa = PBXSourcesBuildPhase;
			buildActionMask = 2147483647;
			files = (
				30D1D6E31BEAEAFA00AE549B /* QualityTaxiTests.swift in Sources */,
			);
			runOnlyForDeploymentPostprocessing = 0;
		};
		30D1D6E51BEAEAFA00AE549B /* Sources */ = {
			isa = PBXSourcesBuildPhase;
			buildActionMask = 2147483647;
			files = (
				30D1D6EE1BEAEAFA00AE549B /* QualityTaxiUITests.swift in Sources */,
			);
			runOnlyForDeploymentPostprocessing = 0;
		};
/* End PBXSourcesBuildPhase section */

/* Begin PBXTargetDependency section */
		30D1D6E01BEAEAFA00AE549B /* PBXTargetDependency */ = {
			isa = PBXTargetDependency;
			target = 30D1D6C91BEAEAF900AE549B /* QualityTaxi */;
			targetProxy = 30D1D6DF1BEAEAFA00AE549B /* PBXContainerItemProxy */;
		};
		30D1D6EB1BEAEAFA00AE549B /* PBXTargetDependency */ = {
			isa = PBXTargetDependency;
			target = 30D1D6C91BEAEAF900AE549B /* QualityTaxi */;
			targetProxy = 30D1D6EA1BEAEAFA00AE549B /* PBXContainerItemProxy */;
		};
/* End PBXTargetDependency section */

/* Begin PBXVariantGroup section */
		30D1D6D11BEAEAF900AE549B /* Main.storyboard */ = {
			isa = PBXVariantGroup;
			children = (
				30D1D6D21BEAEAF900AE549B /* Base */,
			);
			name = Main.storyboard;
			sourceTree = "<group>";
		};
		30D1D6D61BEAEAF900AE549B /* LaunchScreen.storyboard */ = {
			isa = PBXVariantGroup;
			children = (
				30D1D6D71BEAEAF900AE549B /* Base */,
			);
			name = LaunchScreen.storyboard;
			sourceTree = "<group>";
		};
/* End PBXVariantGroup section */

/* Begin XCBuildConfiguration section */
		30D1D6F01BEAEAFA00AE549B /* Debug */ = {
			isa = XCBuildConfiguration;
			buildSettings = {
				ALWAYS_SEARCH_USER_PATHS = NO;
				CLANG_CXX_LANGUAGE_STANDARD = "gnu++0x";
				CLANG_CXX_LIBRARY = "libc++";
				CLANG_ENABLE_MODULES = YES;
				CLANG_ENABLE_OBJC_ARC = YES;
				CLANG_WARN_BOOL_CONVERSION = YES;
				CLANG_WARN_CONSTANT_CONVERSION = YES;
				CLANG_WARN_DIRECT_OBJC_ISA_USAGE = YES_ERROR;
				CLANG_WARN_EMPTY_BODY = YES;
				CLANG_WARN_ENUM_CONVERSION = YES;
				CLANG_WARN_INT_CONVERSION = YES;
				CLANG_WARN_OBJC_ROOT_CLASS = YES_ERROR;
				CLANG_WARN_UNREACHABLE_CODE = YES;
				CLANG_WARN__DUPLICATE_METHOD_MATCH = YES;
				"CODE_SIGN_IDENTITY[sdk=iphoneos*]" = "iPhone Developer";
				COPY_PHASE_STRIP = NO;
				DEBUG_INFORMATION_FORMAT = dwarf;
				ENABLE_STRICT_OBJC_MSGSEND = YES;
				ENABLE_TESTABILITY = YES;
				GCC_C_LANGUAGE_STANDARD = gnu99;
				GCC_DYNAMIC_NO_PIC = NO;
				GCC_NO_COMMON_BLOCKS = YES;
				GCC_OPTIMIZATION_LEVEL = 0;
				GCC_PREPROCESSOR_DEFINITIONS = (
					"DEBUG=1",
					"$(inherited)",
				);
				GCC_WARN_64_TO_32_BIT_CONVERSION = YES;
				GCC_WARN_ABOUT_RETURN_TYPE = YES_ERROR;
				GCC_WARN_UNDECLARED_SELECTOR = YES;
				GCC_WARN_UNINITIALIZED_AUTOS = YES_AGGRESSIVE;
				GCC_WARN_UNUSED_FUNCTION = YES;
				GCC_WARN_UNUSED_VARIABLE = YES;
				IPHONEOS_DEPLOYMENT_TARGET = 9.0;
				MTL_ENABLE_DEBUG_INFO = YES;
				ONLY_ACTIVE_ARCH = YES;
				OTHER_LDFLAGS = "";
				SDKROOT = iphoneos;
				SWIFT_OPTIMIZATION_LEVEL = "-Onone";
			};
			name = Debug;
		};
		30D1D6F11BEAEAFA00AE549B /* Release */ = {
			isa = XCBuildConfiguration;
			buildSettings = {
				ALWAYS_SEARCH_USER_PATHS = NO;
				CLANG_CXX_LANGUAGE_STANDARD = "gnu++0x";
				CLANG_CXX_LIBRARY = "libc++";
				CLANG_ENABLE_MODULES = YES;
				CLANG_ENABLE_OBJC_ARC = YES;
				CLANG_WARN_BOOL_CONVERSION = YES;
				CLANG_WARN_CONSTANT_CONVERSION = YES;
				CLANG_WARN_DIRECT_OBJC_ISA_USAGE = YES_ERROR;
				CLANG_WARN_EMPTY_BODY = YES;
				CLANG_WARN_ENUM_CONVERSION = YES;
				CLANG_WARN_INT_CONVERSION = YES;
				CLANG_WARN_OBJC_ROOT_CLASS = YES_ERROR;
				CLANG_WARN_UNREACHABLE_CODE = YES;
				CLANG_WARN__DUPLICATE_METHOD_MATCH = YES;
				"CODE_SIGN_IDENTITY[sdk=iphoneos*]" = "iPhone Developer";
				COPY_PHASE_STRIP = NO;
				DEBUG_INFORMATION_FORMAT = "dwarf-with-dsym";
				ENABLE_NS_ASSERTIONS = NO;
				ENABLE_STRICT_OBJC_MSGSEND = YES;
				GCC_C_LANGUAGE_STANDARD = gnu99;
				GCC_NO_COMMON_BLOCKS = YES;
				GCC_WARN_64_TO_32_BIT_CONVERSION = YES;
				GCC_WARN_ABOUT_RETURN_TYPE = YES_ERROR;
				GCC_WARN_UNDECLARED_SELECTOR = YES;
				GCC_WARN_UNINITIALIZED_AUTOS = YES_AGGRESSIVE;
				GCC_WARN_UNUSED_FUNCTION = YES;
				GCC_WARN_UNUSED_VARIABLE = YES;
				IPHONEOS_DEPLOYMENT_TARGET = 9.0;
				MTL_ENABLE_DEBUG_INFO = NO;
				OTHER_LDFLAGS = "";
				SDKROOT = iphoneos;
				VALIDATE_PRODUCT = YES;
			};
			name = Release;
		};
		30D1D6F31BEAEAFA00AE549B /* Debug */ = {
			isa = XCBuildConfiguration;
			baseConfigurationReference = C4DCD9D00A4C622055608729 /* Pods-QualityTaxi.debug.xcconfig */;
			buildSettings = {
				ASSETCATALOG_COMPILER_APPICON_NAME = AppIcon;
				CODE_SIGN_IDENTITY = "iPhone Developer: J FELIX OLIVARES ESTRADA (SJ93ZUM77B)";
				INFOPLIST_FILE = QualityTaxi/Info.plist;
				LD_RUNPATH_SEARCH_PATHS = "$(inherited) @executable_path/Frameworks";
				OTHER_LDFLAGS = (
					"$(inherited)",
					"-ObjC",
					"-l\"c++\"",
					"-l\"icucore\"",
					"-l\"z\"",
					"-framework",
					"\"AVFoundation\"",
					"-framework",
					"\"Accelerate\"",
					"-framework",
					"\"ChameleonFramework\"",
					"-framework",
					"\"CoreBluetooth\"",
					"-framework",
					"\"CoreData\"",
					"-framework",
					"\"CoreGraphics\"",
					"-framework",
					"\"CoreLocation\"",
					"-framework",
					"\"CoreText\"",
					"-framework",
					"\"GLKit\"",
					"-framework",
					"\"GoogleMaps\"",
					"-framework",
					"\"ImageIO\"",
					"-framework",
					"\"OpenGLES\"",
					"-framework",
					"\"QuartzCore\"",
					"-framework",
					"\"Security\"",
					"-framework",
					"\"SystemConfiguration\"",
				);
				PRODUCT_BUNDLE_IDENTIFIER = com.foe.QualityTaxi;
				PRODUCT_NAME = "$(TARGET_NAME)";
				SWIFT_OBJC_BRIDGING_HEADER = "QualityTaxi/QualityTaxi-Bridging-Header.h";
			};
			name = Debug;
		};
		30D1D6F41BEAEAFA00AE549B /* Release */ = {
			isa = XCBuildConfiguration;
			baseConfigurationReference = 3769D420F5BF79A37BC1BF3E /* Pods-QualityTaxi.release.xcconfig */;
			buildSettings = {
				ASSETCATALOG_COMPILER_APPICON_NAME = AppIcon;
				CODE_SIGN_IDENTITY = "iPhone Developer: J FELIX OLIVARES ESTRADA (SJ93ZUM77B)";
				INFOPLIST_FILE = QualityTaxi/Info.plist;
				LD_RUNPATH_SEARCH_PATHS = "$(inherited) @executable_path/Frameworks";
				OTHER_LDFLAGS = (
					"$(inherited)",
					"-ObjC",
					"-l\"c++\"",
					"-l\"icucore\"",
					"-l\"z\"",
					"-framework",
					"\"AVFoundation\"",
					"-framework",
					"\"Accelerate\"",
					"-framework",
					"\"ChameleonFramework\"",
					"-framework",
					"\"CoreBluetooth\"",
					"-framework",
					"\"CoreData\"",
					"-framework",
					"\"CoreGraphics\"",
					"-framework",
					"\"CoreLocation\"",
					"-framework",
					"\"CoreText\"",
					"-framework",
					"\"GLKit\"",
					"-framework",
					"\"GoogleMaps\"",
					"-framework",
					"\"ImageIO\"",
					"-framework",
					"\"OpenGLES\"",
					"-framework",
					"\"QuartzCore\"",
					"-framework",
					"\"Security\"",
					"-framework",
					"\"SystemConfiguration\"",
				);
				PRODUCT_BUNDLE_IDENTIFIER = com.foe.QualityTaxi;
				PRODUCT_NAME = "$(TARGET_NAME)";
				SWIFT_OBJC_BRIDGING_HEADER = "QualityTaxi/QualityTaxi-Bridging-Header.h";
			};
			name = Release;
		};
		30D1D6F61BEAEAFA00AE549B /* Debug */ = {
			isa = XCBuildConfiguration;
			buildSettings = {
				BUNDLE_LOADER = "$(TEST_HOST)";
				INFOPLIST_FILE = QualityTaxiTests/Info.plist;
				LD_RUNPATH_SEARCH_PATHS = "$(inherited) @executable_path/Frameworks @loader_path/Frameworks";
				PRODUCT_BUNDLE_IDENTIFIER = com.foe.QualityTaxiTests;
				PRODUCT_NAME = "$(TARGET_NAME)";
				TEST_HOST = "$(BUILT_PRODUCTS_DIR)/QualityTaxi.app/QualityTaxi";
			};
			name = Debug;
		};
		30D1D6F71BEAEAFA00AE549B /* Release */ = {
			isa = XCBuildConfiguration;
			buildSettings = {
				BUNDLE_LOADER = "$(TEST_HOST)";
				INFOPLIST_FILE = QualityTaxiTests/Info.plist;
				LD_RUNPATH_SEARCH_PATHS = "$(inherited) @executable_path/Frameworks @loader_path/Frameworks";
				PRODUCT_BUNDLE_IDENTIFIER = com.foe.QualityTaxiTests;
				PRODUCT_NAME = "$(TARGET_NAME)";
				TEST_HOST = "$(BUILT_PRODUCTS_DIR)/QualityTaxi.app/QualityTaxi";
			};
			name = Release;
		};
		30D1D6F91BEAEAFA00AE549B /* Debug */ = {
			isa = XCBuildConfiguration;
			buildSettings = {
				INFOPLIST_FILE = QualityTaxiUITests/Info.plist;
				LD_RUNPATH_SEARCH_PATHS = "$(inherited) @executable_path/Frameworks @loader_path/Frameworks";
				PRODUCT_BUNDLE_IDENTIFIER = com.foe.QualityTaxiUITests;
				PRODUCT_NAME = "$(TARGET_NAME)";
				TEST_TARGET_NAME = QualityTaxi;
				USES_XCTRUNNER = YES;
			};
			name = Debug;
		};
		30D1D6FA1BEAEAFA00AE549B /* Release */ = {
			isa = XCBuildConfiguration;
			buildSettings = {
				INFOPLIST_FILE = QualityTaxiUITests/Info.plist;
				LD_RUNPATH_SEARCH_PATHS = "$(inherited) @executable_path/Frameworks @loader_path/Frameworks";
				PRODUCT_BUNDLE_IDENTIFIER = com.foe.QualityTaxiUITests;
				PRODUCT_NAME = "$(TARGET_NAME)";
				TEST_TARGET_NAME = QualityTaxi;
				USES_XCTRUNNER = YES;
			};
			name = Release;
		};
/* End XCBuildConfiguration section */

/* Begin XCConfigurationList section */
		30D1D6C51BEAEAF900AE549B /* Build configuration list for PBXProject "QualityTaxi" */ = {
			isa = XCConfigurationList;
			buildConfigurations = (
				30D1D6F01BEAEAFA00AE549B /* Debug */,
				30D1D6F11BEAEAFA00AE549B /* Release */,
			);
			defaultConfigurationIsVisible = 0;
			defaultConfigurationName = Release;
		};
		30D1D6F21BEAEAFA00AE549B /* Build configuration list for PBXNativeTarget "QualityTaxi" */ = {
			isa = XCConfigurationList;
			buildConfigurations = (
				30D1D6F31BEAEAFA00AE549B /* Debug */,
				30D1D6F41BEAEAFA00AE549B /* Release */,
			);
			defaultConfigurationIsVisible = 0;
			defaultConfigurationName = Release;
		};
		30D1D6F51BEAEAFA00AE549B /* Build configuration list for PBXNativeTarget "QualityTaxiTests" */ = {
			isa = XCConfigurationList;
			buildConfigurations = (
				30D1D6F61BEAEAFA00AE549B /* Debug */,
				30D1D6F71BEAEAFA00AE549B /* Release */,
			);
			defaultConfigurationIsVisible = 0;
			defaultConfigurationName = Release;
		};
		30D1D6F81BEAEAFA00AE549B /* Build configuration list for PBXNativeTarget "QualityTaxiUITests" */ = {
			isa = XCConfigurationList;
			buildConfigurations = (
				30D1D6F91BEAEAFA00AE549B /* Debug */,
				30D1D6FA1BEAEAFA00AE549B /* Release */,
			);
			defaultConfigurationIsVisible = 0;
			defaultConfigurationName = Release;
		};
/* End XCConfigurationList section */

/* Begin XCVersionGroup section */
		30D1D7311BED74C000AE549B /* QualityTaxi.xcdatamodeld */ = {
			isa = XCVersionGroup;
			children = (
				30D1D7321BED74C000AE549B /* QualityTaxi.xcdatamodel */,
			);
			currentVersion = 30D1D7321BED74C000AE549B /* QualityTaxi.xcdatamodel */;
			path = QualityTaxi.xcdatamodeld;
			sourceTree = "<group>";
			versionGroupType = wrapper.xcdatamodel;
		};
/* End XCVersionGroup section */
	};
	rootObject = 30D1D6C21BEAEAF900AE549B /* Project object */;
}
